
Microsoft Visual Studio Solution File, Format Version 12.00
# Visual Studio Version 17
VisualStudioVersion = 17.7.34202.233
MinimumVisualStudioVersion = 10.0.40219.1
Project("{FAE04EC0-301F-11D3-BF4B-00C04F79EFBC}") = "MinecraftMusicExtractor", "MinecraftMusicExtractor\MinecraftMusicExtractor.csproj", "{492F84C9-CF02-4DBF-B94E-DED3227A1060}"
EndProject
Global
	GlobalSection(SolutionConfigurationPlatforms) = preSolution
		Debug|Any CPU = Debug|Any CPU
		Release|Any CPU = Release|Any CPU
	EndGlobalSection
	GlobalSection(ProjectConfigurationPlatforms) = postSolution
		{492F84C9-CF02-4DBF-B94E-DED3227A1060}.Debug|Any CPU.ActiveCfg = Debug|Any CPU
		{492F84C9-CF02-4DBF-B94E-DED3227A1060}.Debug|Any CPU.Build.0 = Debug|Any CPU
		{492F84C9-CF02-4DBF-B94E-DED3227A1060}.Release|Any CPU.ActiveCfg = Release|Any CPU
		{492F84C9-CF02-4DBF-B94E-DED3227A1060}.Release|Any CPU.Build.0 = Release|Any CPU
	EndGlobalSection
	GlobalSection(SolutionProperties) = preSolution
		HideSolutionNode = FALSE
	EndGlobalSection
	GlobalSection(ExtensibilityGlobals) = postSolution
		SolutionGuid = {2F7551E8-2630-499E-9252-34A46655C5B2}
	EndGlobalSection
EndGlobal
